{
  "requires": true,
  "lockfileVersion": 1,
  "dependencies": {
    "angular": {
      "version": "1.4.14",
      "resolved": "https://registry.npmjs.org/angular/-/angular-1.4.14.tgz",
      "integrity": "sha1-nQ/q9gzm5SzlD0nuMoZW0eGHXDc="
    },
    "angular-animate": {
      "version": "1.4.14",
      "resolved": "https://registry.npmjs.org/angular-animate/-/angular-animate-1.4.14.tgz",
      "integrity": "sha1-7kBoyv234jACYxnsbLkgesqJgDg="
    },
    "angular-aria": {
      "version": "1.4.14",
      "resolved": "https://registry.npmjs.org/angular-aria/-/angular-aria-1.4.14.tgz",
      "integrity": "sha1-TIFXGByfZwcxTRXHwqnLy7HrY54="
    },
    "angular-material": {
      "version": "0.11.4",
      "resolved": "https://registry.npmjs.org/angular-material/-/angular-material-0.11.4.tgz",
      "integrity": "sha1-Z+p3KxMKzoyAsCuB10uANRuRl20="
    },
    "angular-sanitize": {
      "version": "1.4.14",
      "resolved": "https://registry.npmjs.org/angular-sanitize/-/angular-sanitize-1.4.14.tgz",
      "integrity": "sha1-d4xOJJQfqYLYbPfrrD5hP6XUFPw="
    },
    "angularjs-datepicker": {
      "version": "2.1.23",
      "resolved": "https://registry.npmjs.org/angularjs-datepicker/-/angularjs-datepicker-2.1.23.tgz",
      "integrity": "sha1-ZJq4viz3dpKw/IEuKp2xgCIcJOU="
    },
    "jquery": {
      "version": "3.5.0",
      "resolved": "https://registry.npmjs.org/jquery/-/jquery-3.5.0.tgz",
      "integrity": "sha512-Xb7SVYMvygPxbFMpTFQiHh1J7HClEaThguL15N/Gg37Lri/qKyhRGZYzHRyLH8Stq3Aow0LsHO2O2ci86fCrNQ=="
    }
  }
}
